{
    "version": 3,
    "terraform_version": "0.11.13",
    "serial": 41,
    "lineage": "b60bf303-436e-6e5c-6579-589085601c65",
    "modules": [
        {
            "path": [
                "root"
            ],
            "outputs": {
                "public_subnet_a": {
                    "sensitive": false,
                    "type": "string",
                    "value": "subnet-0edf2db2bb9104438"
                },
                "public_subnet_b": {
                    "sensitive": false,
                    "type": "string",
                    "value": "subnet-0e4087e85c793bcc3"
                },
                "vpc_id": {
                    "sensitive": false,
                    "type": "string",
                    "value": "vpc-0d255ecfc4951d3e4"
                }
            },
            "resources": {
                "aws_internet_gateway.xylem_igw": {
                    "type": "aws_internet_gateway",
                    "depends_on": [
                        "aws_vpc.xylem_terraform"
                    ],
                    "primary": {
                        "id": "igw-0073ec544312b6be2",
                        "attributes": {
                            "id": "igw-0073ec544312b6be2",
                            "owner_id": "445058132754",
                            "tags.%": "1",
                            "tags.Name": "xylem-terraform-igw",
                            "vpc_id": "vpc-0d255ecfc4951d3e4"
                        },
                        "meta": {},
                        "tainted": false
                    },
                    "deposed": [],
                    "provider": "provider.aws"
                },
                "aws_route.routing_traffic_outeside": {
                    "type": "aws_route",
                    "depends_on": [
                        "aws_internet_gateway.xylem_igw",
                        "aws_vpc.xylem_terraform"
                    ],
                    "primary": {
                        "id": "r-rtb-0b031c6147af84aaf1080289494",
                        "attributes": {
                            "destination_cidr_block": "0.0.0.0/0",
                            "destination_prefix_list_id": "",
                            "egress_only_gateway_id": "",
                            "gateway_id": "igw-0073ec544312b6be2",
                            "id": "r-rtb-0b031c6147af84aaf1080289494",
                            "instance_id": "",
                            "instance_owner_id": "",
                            "nat_gateway_id": "",
                            "network_interface_id": "",
                            "origin": "CreateRoute",
                            "route_table_id": "rtb-0b031c6147af84aaf",
                            "state": "active",
                            "transit_gateway_id": "",
                            "vpc_peering_connection_id": ""
                        },
                        "meta": {
                            "e2bfb730-ecaa-11e6-8f88-34363bc7c4c0": {
                                "create": 120000000000,
                                "delete": 300000000000
                            }
                        },
                        "tainted": false
                    },
                    "deposed": [],
                    "provider": "provider.aws"
                },
                "aws_security_group.web_sg": {
                    "type": "aws_security_group",
                    "depends_on": [
                        "aws_vpc.xylem_terraform"
                    ],
                    "primary": {
                        "id": "sg-030c877e5a652dff4",
                        "attributes": {
                            "arn": "arn:aws:ec2:ap-south-1:445058132754:security-group/sg-030c877e5a652dff4",
                            "description": "Managed by Terraform",
                            "egress.#": "1",
                            "egress.482069346.cidr_blocks.#": "1",
                            "egress.482069346.cidr_blocks.0": "0.0.0.0/0",
                            "egress.482069346.description": "",
                            "egress.482069346.from_port": "0",
                            "egress.482069346.ipv6_cidr_blocks.#": "0",
                            "egress.482069346.prefix_list_ids.#": "0",
                            "egress.482069346.protocol": "-1",
                            "egress.482069346.security_groups.#": "0",
                            "egress.482069346.self": "false",
                            "egress.482069346.to_port": "0",
                            "id": "sg-030c877e5a652dff4",
                            "ingress.#": "2",
                            "ingress.1427808089.cidr_blocks.#": "1",
                            "ingress.1427808089.cidr_blocks.0": "0.0.0.0/0",
                            "ingress.1427808089.description": "Allow the http traffic",
                            "ingress.1427808089.from_port": "80",
                            "ingress.1427808089.ipv6_cidr_blocks.#": "0",
                            "ingress.1427808089.prefix_list_ids.#": "0",
                            "ingress.1427808089.protocol": "TCP",
                            "ingress.1427808089.security_groups.#": "0",
                            "ingress.1427808089.self": "false",
                            "ingress.1427808089.to_port": "80",
                            "ingress.3691143759.cidr_blocks.#": "1",
                            "ingress.3691143759.cidr_blocks.0": "0.0.0.0/0",
                            "ingress.3691143759.description": "Allowing ssh access for the webserver",
                            "ingress.3691143759.from_port": "22",
                            "ingress.3691143759.ipv6_cidr_blocks.#": "0",
                            "ingress.3691143759.prefix_list_ids.#": "0",
                            "ingress.3691143759.protocol": "TCP",
                            "ingress.3691143759.security_groups.#": "0",
                            "ingress.3691143759.self": "false",
                            "ingress.3691143759.to_port": "22",
                            "name": "webserver-sg",
                            "owner_id": "445058132754",
                            "revoke_rules_on_delete": "false",
                            "tags.%": "1",
                            "tags.Name": "web-server-sg",
                            "vpc_id": "vpc-0d255ecfc4951d3e4"
                        },
                        "meta": {
                            "e2bfb730-ecaa-11e6-8f88-34363bc7c4c0": {
                                "create": 600000000000,
                                "delete": 600000000000
                            },
                            "schema_version": "1"
                        },
                        "tainted": false
                    },
                    "deposed": [],
                    "provider": "provider.aws"
                },
                "aws_subnet.terraform_demo_public_subnet_a": {
                    "type": "aws_subnet",
                    "depends_on": [
                        "aws_vpc.xylem_terraform",
                        "data.aws_availability_zones.available"
                    ],
                    "primary": {
                        "id": "subnet-0edf2db2bb9104438",
                        "attributes": {
                            "arn": "arn:aws:ec2:ap-south-1:445058132754:subnet/subnet-0edf2db2bb9104438",
                            "assign_ipv6_address_on_creation": "false",
                            "availability_zone": "ap-south-1a",
                            "availability_zone_id": "aps1-az1",
                            "cidr_block": "10.0.1.0/24",
                            "id": "subnet-0edf2db2bb9104438",
                            "ipv6_cidr_block": "",
                            "ipv6_cidr_block_association_id": "",
                            "map_public_ip_on_launch": "false",
                            "owner_id": "445058132754",
                            "tags.%": "1",
                            "tags.Name": "terraform_demo_public_subneta",
                            "vpc_id": "vpc-0d255ecfc4951d3e4"
                        },
                        "meta": {
                            "e2bfb730-ecaa-11e6-8f88-34363bc7c4c0": {
                                "create": 600000000000,
                                "delete": 600000000000
                            },
                            "schema_version": "1"
                        },
                        "tainted": false
                    },
                    "deposed": [],
                    "provider": "provider.aws"
                },
                "aws_subnet.terraform_demo_public_subnet_b": {
                    "type": "aws_subnet",
                    "depends_on": [
                        "aws_vpc.xylem_terraform",
                        "data.aws_availability_zones.available"
                    ],
                    "primary": {
                        "id": "subnet-0e4087e85c793bcc3",
                        "attributes": {
                            "arn": "arn:aws:ec2:ap-south-1:445058132754:subnet/subnet-0e4087e85c793bcc3",
                            "assign_ipv6_address_on_creation": "false",
                            "availability_zone": "ap-south-1b",
                            "availability_zone_id": "aps1-az3",
                            "cidr_block": "10.0.2.0/24",
                            "id": "subnet-0e4087e85c793bcc3",
                            "ipv6_cidr_block": "",
                            "ipv6_cidr_block_association_id": "",
                            "map_public_ip_on_launch": "false",
                            "owner_id": "445058132754",
                            "tags.%": "1",
                            "tags.Name": "terraform_demo_public_subnet-b",
                            "vpc_id": "vpc-0d255ecfc4951d3e4"
                        },
                        "meta": {
                            "e2bfb730-ecaa-11e6-8f88-34363bc7c4c0": {
                                "create": 600000000000,
                                "delete": 600000000000
                            },
                            "schema_version": "1"
                        },
                        "tainted": false
                    },
                    "deposed": [],
                    "provider": "provider.aws"
                },
                "aws_vpc.xylem_terraform": {
                    "type": "aws_vpc",
                    "depends_on": [],
                    "primary": {
                        "id": "vpc-0d255ecfc4951d3e4",
                        "attributes": {
                            "arn": "arn:aws:ec2:ap-south-1:445058132754:vpc/vpc-0d255ecfc4951d3e4",
                            "assign_generated_ipv6_cidr_block": "false",
                            "cidr_block": "10.0.0.0/16",
                            "default_network_acl_id": "acl-069a50bffbdad3a6e",
                            "default_route_table_id": "rtb-0b031c6147af84aaf",
                            "default_security_group_id": "sg-0550b1fe6adffd969",
                            "dhcp_options_id": "dopt-6990bc01",
                            "enable_dns_hostnames": "true",
                            "enable_dns_support": "true",
                            "id": "vpc-0d255ecfc4951d3e4",
                            "instance_tenancy": "default",
                            "ipv6_association_id": "",
                            "ipv6_cidr_block": "",
                            "main_route_table_id": "rtb-0b031c6147af84aaf",
                            "owner_id": "445058132754",
                            "tags.%": "1",
                            "tags.Name": "xylem_terraform_vpc"
                        },
                        "meta": {
                            "schema_version": "1"
                        },
                        "tainted": false
                    },
                    "deposed": [],
                    "provider": "provider.aws"
                },
                "data.aws_availability_zones.available": {
                    "type": "aws_availability_zones",
                    "depends_on": [],
                    "primary": {
                        "id": "2019-04-16 09:15:20.435612619 +0000 UTC",
                        "attributes": {
                            "id": "2019-04-16 09:15:20.435612619 +0000 UTC",
                            "names.#": "2",
                            "names.0": "ap-south-1a",
                            "names.1": "ap-south-1b",
                            "zone_ids.#": "2",
                            "zone_ids.0": "aps1-az1",
                            "zone_ids.1": "aps1-az3"
                        },
                        "meta": {},
                        "tainted": false
                    },
                    "deposed": [],
                    "provider": "provider.aws"
                },
                "data.aws_subnet_ids.all": {
                    "type": "aws_subnet_ids",
                    "depends_on": [
                        "data.aws_vpc.xylem_terraform"
                    ],
                    "primary": {
                        "id": "vpc-293e7d41",
                        "attributes": {
                            "id": "vpc-293e7d41",
                            "ids.#": "2",
                            "ids.1224815110": "subnet-f111b5bd",
                            "ids.2710945555": "subnet-453b4d2d",
                            "vpc_id": "vpc-293e7d41"
                        },
                        "meta": {},
                        "tainted": false
                    },
                    "deposed": [],
                    "provider": "provider.aws"
                },
                "data.aws_vpc.xylem_terraform": {
                    "type": "aws_vpc",
                    "depends_on": [],
                    "primary": {
                        "id": "vpc-293e7d41",
                        "attributes": {
                            "arn": "arn:aws:ec2:ap-south-1:445058132754:vpc/vpc-293e7d41",
                            "cidr_block": "172.31.0.0/16",
                            "cidr_block_associations.#": "1",
                            "cidr_block_associations.0.association_id": "vpc-cidr-assoc-4bd84223",
                            "cidr_block_associations.0.cidr_block": "172.31.0.0/16",
                            "cidr_block_associations.0.state": "associated",
                            "default": "true",
                            "dhcp_options_id": "dopt-6990bc01",
                            "enable_dns_hostnames": "true",
                            "enable_dns_support": "true",
                            "id": "vpc-293e7d41",
                            "instance_tenancy": "default",
                            "main_route_table_id": "rtb-8f6562e7",
                            "owner_id": "445058132754",
                            "state": "available",
                            "tags.%": "0"
                        },
                        "meta": {},
                        "tainted": false
                    },
                    "deposed": [],
                    "provider": "provider.aws"
                },
                "data.template_file.web_template": {
                    "type": "template_file",
                    "depends_on": [],
                    "primary": {
                        "id": "49b9d8b8a55bc476eb46cc6eb3567447a006dacf69721293f1c7f5d56a9109a8",
                        "attributes": {
                            "id": "49b9d8b8a55bc476eb46cc6eb3567447a006dacf69721293f1c7f5d56a9109a8",
                            "rendered": "#!/bin/bash\nyum update -y\nyum install -y httpd\necho 'Hello Xylem' \u003e /var/www/html/index.html\nservice httpd start\n\n\n\n\n",
                            "template": "#!/bin/bash\nyum update -y\nyum install -y httpd\necho 'Hello Xylem' \u003e /var/www/html/index.html\nservice httpd start\n\n\n\n\n"
                        },
                        "meta": {},
                        "tainted": false
                    },
                    "deposed": [],
                    "provider": "provider.template"
                }
            },
            "depends_on": []
        }
    ]
}
